{
  "name": "SMSDv2",
  "lockfileVersion": 3,
  "requires": true,
  "packages": {
    "": {
      "dependencies": {
        "apexcharts": "^4.5.0",
        "ionicons": "^7.4.0",
        "sweetalert2": "^11.17.2"
      }
    },
    "node_modules/@rollup/rollup-darwin-arm64": {
      "version": "4.34.9",
      "resolved": "https://registry.npmjs.org/@rollup/rollup-darwin-arm64/-/rollup-darwin-arm64-4.34.9.tgz",
      "integrity": "sha512-0CY3/K54slrzLDjOA7TOjN1NuLKERBgk9nY5V34mhmuu673YNb+7ghaDUs6N0ujXR7fz5XaS5Aa6d2TNxZd0OQ==",
      "cpu": [
        "arm64"
      ],
      "license": "MIT",
      "optional": true,
      "os": [
        "darwin"
      ]
    },
    "node_modules/@rollup/rollup-darwin-x64": {
      "version": "4.34.9",
      "resolved": "https://registry.npmjs.org/@rollup/rollup-darwin-x64/-/rollup-darwin-x64-4.34.9.tgz",
      "integrity": "sha512-eOojSEAi/acnsJVYRxnMkPFqcxSMFfrw7r2iD9Q32SGkb/Q9FpUY1UlAu1DH9T7j++gZ0lHjnm4OyH2vCI7l7Q==",
      "cpu": [
        "x64"
      ],
      "license": "MIT",
      "optional": true,
      "os": [
        "darwin"
      ]
    },
    "node_modules/@rollup/rollup-linux-arm64-gnu": {
      "version": "4.34.9",
      "resolved": "https://registry.npmjs.org/@rollup/rollup-linux-arm64-gnu/-/rollup-linux-arm64-gnu-4.34.9.tgz",
      "integrity": "sha512-6TZjPHjKZUQKmVKMUowF3ewHxctrRR09eYyvT5eFv8w/fXarEra83A2mHTVJLA5xU91aCNOUnM+DWFMSbQ0Nxw==",
      "cpu": [
        "arm64"
      ],
      "license": "MIT",
      "optional": true,
      "os": [
        "linux"
      ]
    },
    "node_modules/@rollup/rollup-linux-arm64-musl": {
      "version": "4.34.9",
      "resolved": "https://registry.npmjs.org/@rollup/rollup-linux-arm64-musl/-/rollup-linux-arm64-musl-4.34.9.tgz",
      "integrity": "sha512-LD2fytxZJZ6xzOKnMbIpgzFOuIKlxVOpiMAXawsAZ2mHBPEYOnLRK5TTEsID6z4eM23DuO88X0Tq1mErHMVq0A==",
      "cpu": [
        "arm64"
      ],
      "license": "MIT",
      "optional": true,
      "os": [
        "linux"
      ]
    },
    "node_modules/@rollup/rollup-linux-x64-gnu": {
      "version": "4.34.9",
      "resolved": "https://registry.npmjs.org/@rollup/rollup-linux-x64-gnu/-/rollup-linux-x64-gnu-4.34.9.tgz",
      "integrity": "sha512-FwBHNSOjUTQLP4MG7y6rR6qbGw4MFeQnIBrMe161QGaQoBQLqSUEKlHIiVgF3g/mb3lxlxzJOpIBhaP+C+KP2A==",
      "cpu": [
        "x64"
      ],
      "license": "MIT",
      "optional": true,
      "os": [
        "linux"
      ]
    },
    "node_modules/@rollup/rollup-linux-x64-musl": {
      "version": "4.34.9",
      "resolved": "https://registry.npmjs.org/@rollup/rollup-linux-x64-musl/-/rollup-linux-x64-musl-4.34.9.tgz",
      "integrity": "sha512-cYRpV4650z2I3/s6+5/LONkjIz8MBeqrk+vPXV10ORBnshpn8S32bPqQ2Utv39jCiDcO2eJTuSlPXpnvmaIgRA==",
      "cpu": [
        "x64"
      ],
      "license": "MIT",
      "optional": true,
      "os": [
        "linux"
      ]
    },
    "node_modules/@rollup/rollup-win32-arm64-msvc": {
      "version": "4.34.9",
      "resolved": "https://registry.npmjs.org/@rollup/rollup-win32-arm64-msvc/-/rollup-win32-arm64-msvc-4.34.9.tgz",
      "integrity": "sha512-z4mQK9dAN6byRA/vsSgQiPeuO63wdiDxZ9yg9iyX2QTzKuQM7T4xlBoeUP/J8uiFkqxkcWndWi+W7bXdPbt27Q==",
      "cpu": [
        "arm64"
      ],
      "license": "MIT",
      "optional": true,
      "os": [
        "win32"
      ]
    },
    "node_modules/@rollup/rollup-win32-x64-msvc": {
      "version": "4.34.9",
      "resolved": "https://registry.npmjs.org/@rollup/rollup-win32-x64-msvc/-/rollup-win32-x64-msvc-4.34.9.tgz",
      "integrity": "sha512-AyleYRPU7+rgkMWbEh71fQlrzRfeP6SyMnRf9XX4fCdDPAJumdSBqYEcWPMzVQ4ScAl7E4oFfK0GUVn77xSwbw==",
      "cpu": [
        "x64"
      ],
      "license": "MIT",
      "optional": true,
      "os": [
        "win32"
      ]
    },
    "node_modules/@stencil/core": {
      "version": "4.28.2",
      "resolved": "https://registry.npmjs.org/@stencil/core/-/core-4.28.2.tgz",
      "integrity": "sha512-sHwBNionxzHfmjQ93ffaQOBNvd5HrSn8e5KSsiBBaODgC/g9squZoARYHHJ0VFfUpOXkEoZQ+ASixpUBafG9bA==",
      "license": "MIT",
      "bin": {
        "stencil": "bin/stencil"
      },
      "engines": {
        "node": ">=16.0.0",
        "npm": ">=7.10.0"
      },
      "optionalDependencies": {
        "@rollup/rollup-darwin-arm64": "4.34.9",
        "@rollup/rollup-darwin-x64": "4.34.9",
        "@rollup/rollup-linux-arm64-gnu": "4.34.9",
        "@rollup/rollup-linux-arm64-musl": "4.34.9",
        "@rollup/rollup-linux-x64-gnu": "4.34.9",
        "@rollup/rollup-linux-x64-musl": "4.34.9",
        "@rollup/rollup-win32-arm64-msvc": "4.34.9",
        "@rollup/rollup-win32-x64-msvc": "4.34.9"
      }
    },
    "node_modules/@svgdotjs/svg.draggable.js": {
      "version": "3.0.6",
      "resolved": "https://registry.npmjs.org/@svgdotjs/svg.draggable.js/-/svg.draggable.js-3.0.6.tgz",
      "integrity": "sha512-7iJFm9lL3C40HQcqzEfezK2l+dW2CpoVY3b77KQGqc8GXWa6LhhmX5Ckv7alQfUXBuZbjpICZ+Dvq1czlGx7gA==",
      "license": "MIT",
      "peerDependencies": {
        "@svgdotjs/svg.js": "^3.2.4"
      }
    },
    "node_modules/@svgdotjs/svg.filter.js": {
      "version": "3.0.9",
      "resolved": "https://registry.npmjs.org/@svgdotjs/svg.filter.js/-/svg.filter.js-3.0.9.tgz",
      "integrity": "sha512-/69XMRCDoam2HgC4ldHIaDgeQf1ViHIsa0Ld4uWgiXtZ+E24DWHe/9Ib6kbNiZ7WRIdlVokUDR1Fg0kjIpkfbw==",
      "license": "MIT",
      "dependencies": {
        "@svgdotjs/svg.js": "^3.2.4"
      },
      "engines": {
        "node": ">= 0.8.0"
      }
    },
    "node_modules/@svgdotjs/svg.js": {
      "version": "3.2.4",
      "resolved": "https://registry.npmjs.org/@svgdotjs/svg.js/-/svg.js-3.2.4.tgz",
      "integrity": "sha512-BjJ/7vWNowlX3Z8O4ywT58DqbNRyYlkk6Yz/D13aB7hGmfQTvGX4Tkgtm/ApYlu9M7lCQi15xUEidqMUmdMYwg==",
      "license": "MIT",
      "funding": {
        "type": "github",
        "url": "https://github.com/sponsors/Fuzzyma"
      }
    },
    "node_modules/@svgdotjs/svg.resize.js": {
      "version": "2.0.5",
      "resolved": "https://registry.npmjs.org/@svgdotjs/svg.resize.js/-/svg.resize.js-2.0.5.tgz",
      "integrity": "sha512-4heRW4B1QrJeENfi7326lUPYBCevj78FJs8kfeDxn5st0IYPIRXoTtOSYvTzFWgaWWXd3YCDE6ao4fmv91RthA==",
      "license": "MIT",
      "engines": {
        "node": ">= 14.18"
      },
      "peerDependencies": {
        "@svgdotjs/svg.js": "^3.2.4",
        "@svgdotjs/svg.select.js": "^4.0.1"
      }
    },
    "node_modules/@svgdotjs/svg.select.js": {
      "version": "4.0.2",
      "resolved": "https://registry.npmjs.org/@svgdotjs/svg.select.js/-/svg.select.js-4.0.2.tgz",
      "integrity": "sha512-5gWdrvoQX3keo03SCmgaBbD+kFftq0F/f2bzCbNnpkkvW6tk4rl4MakORzFuNjvXPWwB4az9GwuvVxQVnjaK2g==",
      "license": "MIT",
      "engines": {
        "node": ">= 14.18"
      },
      "peerDependencies": {
        "@svgdotjs/svg.js": "^3.2.4"
      }
    },
    "node_modules/@yr/monotone-cubic-spline": {
      "version": "1.0.3",
      "resolved": "https://registry.npmjs.org/@yr/monotone-cubic-spline/-/monotone-cubic-spline-1.0.3.tgz",
      "integrity": "sha512-FQXkOta0XBSUPHndIKON2Y9JeQz5ZeMqLYZVVK93FliNBFm7LNMIZmY6FrMEB9XPcDbE2bekMbZD6kzDkxwYjA==",
      "license": "MIT"
    },
    "node_modules/apexcharts": {
      "version": "4.5.0",
      "resolved": "https://registry.npmjs.org/apexcharts/-/apexcharts-4.5.0.tgz",
      "integrity": "sha512-E7ZkrVqPNBUWy/Rmg8DEIqHNBmElzICE/oxOX5Ekvs2ICQUOK/VkEkMH09JGJu+O/EA0NL31hxlmF+wrwrSLaQ==",
      "license": "MIT",
      "dependencies": {
        "@svgdotjs/svg.draggable.js": "^3.0.4",
        "@svgdotjs/svg.filter.js": "^3.0.8",
        "@svgdotjs/svg.js": "^3.2.4",
        "@svgdotjs/svg.resize.js": "^2.0.2",
        "@svgdotjs/svg.select.js": "^4.0.1",
        "@yr/monotone-cubic-spline": "^1.0.3"
      }
    },
    "node_modules/ionicons": {
      "version": "7.4.0",
      "resolved": "https://registry.npmjs.org/ionicons/-/ionicons-7.4.0.tgz",
      "integrity": "sha512-ZK94MMqgzMCPPMhmk8Ouu6goyVHFIlw/ACP6oe3FrikcI0N7CX0xcwVaEbUc0G/v3W0shI93vo+9ve/KpvcNhQ==",
      "license": "MIT",
      "dependencies": {
        "@stencil/core": "^4.0.3"
      }
    },
    "node_modules/sweetalert2": {
      "version": "11.17.2",
      "resolved": "https://registry.npmjs.org/sweetalert2/-/sweetalert2-11.17.2.tgz",
      "integrity": "sha512-HKxDr1IyV3Lxr3W6sb61qm/p2epFIEdr5EKwteRFHnIg6f8nHFl2kX++DBVz16Mac+fFiU3hMpjq1L6yE2Ge5w==",
      "license": "MIT",
      "funding": {
        "type": "individual",
        "url": "https://github.com/sponsors/limonte"
      }
    }
  }
}
